// !$*UTF8*$!
{
	archiveVersion = 1;
	classes = {
	};
	objectVersion = 56;
	objects = {

/* Begin PBXBuildFile section */
		BC0F54ED29C16027001053EB /* MomentumApp.swift in Sources */ = {isa = PBXBuildFile; fileRef = BC0F54EC29C16027001053EB /* MomentumApp.swift */; };
		BC0F54EF29C16027001053EB /* ContentView.swift in Sources */ = {isa = PBXBuildFile; fileRef = BC0F54EE29C16027001053EB /* ContentView.swift */; };
		BC0F54F129C16028001053EB /* Assets.xcassets in Resources */ = {isa = PBXBuildFile; fileRef = BC0F54F029C16028001053EB /* Assets.xcassets */; };
		BC0F54F429C16028001053EB /* Preview Assets.xcassets in Resources */ = {isa = PBXBuildFile; fileRef = BC0F54F329C16028001053EB /* Preview Assets.xcassets */; };
		BC0F54F629C16028001053EB /* Persistence.swift in Sources */ = {isa = PBXBuildFile; fileRef = BC0F54F529C16028001053EB /* Persistence.swift */; };
		BC0F54F929C16029001053EB /* Momentum.xcdatamodeld in Sources */ = {isa = PBXBuildFile; fileRef = BC0F54F729C16028001053EB /* Momentum.xcdatamodeld */; };
		BC0F550629C1609A001053EB /* OnboardingView.swift in Sources */ = {isa = PBXBuildFile; fileRef = BC0F550529C1609A001053EB /* OnboardingView.swift */; };
		BC0F550829C160A8001053EB /* DashboardView.swift in Sources */ = {isa = PBXBuildFile; fileRef = BC0F550729C160A8001053EB /* DashboardView.swift */; };
		BC0F552329C163F4001053EB /* Poppins-Thin.ttf in Resources */ = {isa = PBXBuildFile; fileRef = BC0F551029C163F4001053EB /* Poppins-Thin.ttf */; };
		BC0F552429C163F4001053EB /* Poppins-SemiBold.ttf in Resources */ = {isa = PBXBuildFile; fileRef = BC0F551129C163F4001053EB /* Poppins-SemiBold.ttf */; };
		BC0F552529C163F4001053EB /* Poppins-LightItalic.ttf in Resources */ = {isa = PBXBuildFile; fileRef = BC0F551229C163F4001053EB /* Poppins-LightItalic.ttf */; };
		BC0F552629C163F4001053EB /* Poppins-Black.ttf in Resources */ = {isa = PBXBuildFile; fileRef = BC0F551329C163F4001053EB /* Poppins-Black.ttf */; };
		BC0F552729C163F4001053EB /* Poppins-ExtraLight.ttf in Resources */ = {isa = PBXBuildFile; fileRef = BC0F551429C163F4001053EB /* Poppins-ExtraLight.ttf */; };
		BC0F552829C163F4001053EB /* OFL.txt in Resources */ = {isa = PBXBuildFile; fileRef = BC0F551529C163F4001053EB /* OFL.txt */; };
		BC0F552929C163F4001053EB /* Poppins-Italic.ttf in Resources */ = {isa = PBXBuildFile; fileRef = BC0F551629C163F4001053EB /* Poppins-Italic.ttf */; };
		BC0F552A29C163F4001053EB /* Poppins-ExtraLightItalic.ttf in Resources */ = {isa = PBXBuildFile; fileRef = BC0F551729C163F4001053EB /* Poppins-ExtraLightItalic.ttf */; };
		BC0F552B29C163F4001053EB /* Poppins-Regular.ttf in Resources */ = {isa = PBXBuildFile; fileRef = BC0F551829C163F4001053EB /* Poppins-Regular.ttf */; };
		BC0F552C29C163F4001053EB /* Poppins-BoldItalic.ttf in Resources */ = {isa = PBXBuildFile; fileRef = BC0F551929C163F4001053EB /* Poppins-BoldItalic.ttf */; };
		BC0F552D29C163F4001053EB /* Poppins-SemiBoldItalic.ttf in Resources */ = {isa = PBXBuildFile; fileRef = BC0F551A29C163F4001053EB /* Poppins-SemiBoldItalic.ttf */; };
		BC0F552E29C163F4001053EB /* Poppins-Medium.ttf in Resources */ = {isa = PBXBuildFile; fileRef = BC0F551B29C163F4001053EB /* Poppins-Medium.ttf */; };
		BC0F552F29C163F4001053EB /* Poppins-BlackItalic.ttf in Resources */ = {isa = PBXBuildFile; fileRef = BC0F551C29C163F4001053EB /* Poppins-BlackItalic.ttf */; };
		BC0F553029C163F4001053EB /* Poppins-MediumItalic.ttf in Resources */ = {isa = PBXBuildFile; fileRef = BC0F551D29C163F4001053EB /* Poppins-MediumItalic.ttf */; };
		BC0F553129C163F4001053EB /* Poppins-ThinItalic.ttf in Resources */ = {isa = PBXBuildFile; fileRef = BC0F551E29C163F4001053EB /* Poppins-ThinItalic.ttf */; };
		BC0F553229C163F4001053EB /* Poppins-ExtraBold.ttf in Resources */ = {isa = PBXBuildFile; fileRef = BC0F551F29C163F4001053EB /* Poppins-ExtraBold.ttf */; };
		BC0F553329C163F4001053EB /* Poppins-Light.ttf in Resources */ = {isa = PBXBuildFile; fileRef = BC0F552029C163F4001053EB /* Poppins-Light.ttf */; };
		BC0F553429C163F4001053EB /* Poppins-Bold.ttf in Resources */ = {isa = PBXBuildFile; fileRef = BC0F552129C163F4001053EB /* Poppins-Bold.ttf */; };
		BC0F553529C163F4001053EB /* Poppins-ExtraBoldItalic.ttf in Resources */ = {isa = PBXBuildFile; fileRef = BC0F552229C163F4001053EB /* Poppins-ExtraBoldItalic.ttf */; };
		BC0F553729C165A3001053EB /* MomentumStyle.swift in Sources */ = {isa = PBXBuildFile; fileRef = BC0F553629C165A3001053EB /* MomentumStyle.swift */; };
		BC0F553929C166AE001053EB /* RoutineEditView.swift in Sources */ = {isa = PBXBuildFile; fileRef = BC0F553829C166AE001053EB /* RoutineEditView.swift */; };
		BC0F553B29C166C7001053EB /* RoutineDetailView.swift in Sources */ = {isa = PBXBuildFile; fileRef = BC0F553A29C166C7001053EB /* RoutineDetailView.swift */; };
		BC0F553D29C16716001053EB /* SettingsView.swift in Sources */ = {isa = PBXBuildFile; fileRef = BC0F553C29C16716001053EB /* SettingsView.swift */; };
		BC0F553F29C167CF001053EB /* Routine.swift in Sources */ = {isa = PBXBuildFile; fileRef = BC0F553E29C167CF001053EB /* Routine.swift */; };
		BC0F554129C168F1001053EB /* RoutineCardView.swift in Sources */ = {isa = PBXBuildFile; fileRef = BC0F554029C168F1001053EB /* RoutineCardView.swift */; };
		BC0F554329C169A5001053EB /* DataManager.swift in Sources */ = {isa = PBXBuildFile; fileRef = BC0F554229C169A5001053EB /* DataManager.swift */; };
		BC0F554529C16D27001053EB /* NotificationManager.swift in Sources */ = {isa = PBXBuildFile; fileRef = BC0F554429C16D27001053EB /* NotificationManager.swift */; };
		BC0F554729C16D75001053EB /* Style.swift in Sources */ = {isa = PBXBuildFile; fileRef = BC0F554629C16D75001053EB /* Style.swift */; };
/* End PBXBuildFile section */

/* Begin PBXFileReference section */
		BC0F54E929C16027001053EB /* Momentum.app */ = {isa = PBXFileReference; explicitFileType = wrapper.application; includeInIndex = 0; path = Momentum.app; sourceTree = BUILT_PRODUCTS_DIR; };
		BC0F54EC29C16027001053EB /* MomentumApp.swift */ = {isa = PBXFileReference; lastKnownFileType = sourcecode.swift; path = MomentumApp.swift; sourceTree = "<group>"; };
		BC0F54EE29C16027001053EB /* ContentView.swift */ = {isa = PBXFileReference; lastKnownFileType = sourcecode.swift; path = ContentView.swift; sourceTree = "<group>"; };
		BC0F54F029C16028001053EB /* Assets.xcassets */ = {isa = PBXFileReference; lastKnownFileType = folder.assetcatalog; path = Assets.xcassets; sourceTree = "<group>"; };
		BC0F54F329C16028001053EB /* Preview Assets.xcassets */ = {isa = PBXFileReference; lastKnownFileType = folder.assetcatalog; path = "Preview Assets.xcassets"; sourceTree = "<group>"; };
		BC0F54F529C16028001053EB /* Persistence.swift */ = {isa = PBXFileReference; lastKnownFileType = sourcecode.swift; path = Persistence.swift; sourceTree = "<group>"; };
		BC0F54F829C16029001053EB /* Momentum.xcdatamodel */ = {isa = PBXFileReference; lastKnownFileType = wrapper.xcdatamodel; path = Momentum.xcdatamodel; sourceTree = "<group>"; };
		BC0F54FA29C16029001053EB /* Info.plist */ = {isa = PBXFileReference; lastKnownFileType = text.plist.xml; path = Info.plist; sourceTree = "<group>"; };
		BC0F550529C1609A001053EB /* OnboardingView.swift */ = {isa = PBXFileReference; lastKnownFileType = sourcecode.swift; path = OnboardingView.swift; sourceTree = "<group>"; };
		BC0F550729C160A8001053EB /* DashboardView.swift */ = {isa = PBXFileReference; lastKnownFileType = sourcecode.swift; path = DashboardView.swift; sourceTree = "<group>"; };
		BC0F551029C163F4001053EB /* Poppins-Thin.ttf */ = {isa = PBXFileReference; lastKnownFileType = file; path = "Poppins-Thin.ttf"; sourceTree = "<group>"; };
		BC0F551129C163F4001053EB /* Poppins-SemiBold.ttf */ = {isa = PBXFileReference; lastKnownFileType = file; path = "Poppins-SemiBold.ttf"; sourceTree = "<group>"; };
		BC0F551229C163F4001053EB /* Poppins-LightItalic.ttf */ = {isa = PBXFileReference; lastKnownFileType = file; path = "Poppins-LightItalic.ttf"; sourceTree = "<group>"; };
		BC0F551329C163F4001053EB /* Poppins-Black.ttf */ = {isa = PBXFileReference; lastKnownFileType = file; path = "Poppins-Black.ttf"; sourceTree = "<group>"; };
		BC0F551429C163F4001053EB /* Poppins-ExtraLight.ttf */ = {isa = PBXFileReference; lastKnownFileType = file; path = "Poppins-ExtraLight.ttf"; sourceTree = "<group>"; };
		BC0F551529C163F4001053EB /* OFL.txt */ = {isa = PBXFileReference; fileEncoding = 4; lastKnownFileType = text; path = OFL.txt; sourceTree = "<group>"; };
		BC0F551629C163F4001053EB /* Poppins-Italic.ttf */ = {isa = PBXFileReference; lastKnownFileType = file; path = "Poppins-Italic.ttf"; sourceTree = "<group>"; };
		BC0F551729C163F4001053EB /* Poppins-ExtraLightItalic.ttf */ = {isa = PBXFileReference; lastKnownFileType = file; path = "Poppins-ExtraLightItalic.ttf"; sourceTree = "<group>"; };
		BC0F551829C163F4001053EB /* Poppins-Regular.ttf */ = {isa = PBXFileReference; lastKnownFileType = file; path = "Poppins-Regular.ttf"; sourceTree = "<group>"; };
		BC0F551929C163F4001053EB /* Poppins-BoldItalic.ttf */ = {isa = PBXFileReference; lastKnownFileType = file; path = "Poppins-BoldItalic.ttf"; sourceTree = "<group>"; };
		BC0F551A29C163F4001053EB /* Poppins-SemiBoldItalic.ttf */ = {isa = PBXFileReference; lastKnownFileType = file; path = "Poppins-SemiBoldItalic.ttf"; sourceTree = "<group>"; };
		BC0F551B29C163F4001053EB /* Poppins-Medium.ttf */ = {isa = PBXFileReference; lastKnownFileType = file; path = "Poppins-Medium.ttf"; sourceTree = "<group>"; };
		BC0F551C29C163F4001053EB /* Poppins-BlackItalic.ttf */ = {isa = PBXFileReference; lastKnownFileType = file; path = "Poppins-BlackItalic.ttf"; sourceTree = "<group>"; };
		BC0F551D29C163F4001053EB /* Poppins-MediumItalic.ttf */ = {isa = PBXFileReference; lastKnownFileType = file; path = "Poppins-MediumItalic.ttf"; sourceTree = "<group>"; };
		BC0F551E29C163F4001053EB /* Poppins-ThinItalic.ttf */ = {isa = PBXFileReference; lastKnownFileType = file; path = "Poppins-ThinItalic.ttf"; sourceTree = "<group>"; };
		BC0F551F29C163F4001053EB /* Poppins-ExtraBold.ttf */ = {isa = PBXFileReference; lastKnownFileType = file; path = "Poppins-ExtraBold.ttf"; sourceTree = "<group>"; };
		BC0F552029C163F4001053EB /* Poppins-Light.ttf */ = {isa = PBXFileReference; lastKnownFileType = file; path = "Poppins-Light.ttf"; sourceTree = "<group>"; };
		BC0F552129C163F4001053EB /* Poppins-Bold.ttf */ = {isa = PBXFileReference; lastKnownFileType = file; path = "Poppins-Bold.ttf"; sourceTree = "<group>"; };
		BC0F552229C163F4001053EB /* Poppins-ExtraBoldItalic.ttf */ = {isa = PBXFileReference; lastKnownFileType = file; path = "Poppins-ExtraBoldItalic.ttf"; sourceTree = "<group>"; };
		BC0F553629C165A3001053EB /* MomentumStyle.swift */ = {isa = PBXFileReference; lastKnownFileType = sourcecode.swift; path = MomentumStyle.swift; sourceTree = "<group>"; };
		BC0F553829C166AE001053EB /* RoutineEditView.swift */ = {isa = PBXFileReference; lastKnownFileType = sourcecode.swift; path = RoutineEditView.swift; sourceTree = "<group>"; };
		BC0F553A29C166C7001053EB /* RoutineDetailView.swift */ = {isa = PBXFileReference; lastKnownFileType = sourcecode.swift; path = RoutineDetailView.swift; sourceTree = "<group>"; };
		BC0F553C29C16716001053EB /* SettingsView.swift */ = {isa = PBXFileReference; lastKnownFileType = sourcecode.swift; path = SettingsView.swift; sourceTree = "<group>"; };
		BC0F553E29C167CF001053EB /* Routine.swift */ = {isa = PBXFileReference; lastKnownFileType = sourcecode.swift; path = Routine.swift; sourceTree = "<group>"; };
		BC0F554029C168F1001053EB /* RoutineCardView.swift */ = {isa = PBXFileReference; lastKnownFileType = sourcecode.swift; path = RoutineCardView.swift; sourceTree = "<group>"; };
		BC0F554229C169A5001053EB /* DataManager.swift */ = {isa = PBXFileReference; lastKnownFileType = sourcecode.swift; path = DataManager.swift; sourceTree = "<group>"; };
		BC0F554429C16D27001053EB /* NotificationManager.swift */ = {isa = PBXFileReference; lastKnownFileType = sourcecode.swift; path = NotificationManager.swift; sourceTree = "<group>"; };
		BC0F554629C16D75001053EB /* Style.swift */ = {isa = PBXFileReference; lastKnownFileType = sourcecode.swift; path = Style.swift; sourceTree = "<group>"; };
/* End PBXFileReference section */

/* Begin PBXFrameworksBuildPhase section */
		BC0F54E629C16027001053EB /* Frameworks */ = {
			isa = PBXFrameworksBuildPhase;
			buildActionMask = 2147483647;
			files = (
			);
			runOnlyForDeploymentPostprocessing = 0;
		};
/* End PBXFrameworksBuildPhase section */

/* Begin PBXGroup section */
		BC0F54E029C16027001053EB = {
			isa = PBXGroup;
			children = (
				BC0F54EB29C16027001053EB /* Momentum */,
				BC0F54EA29C16027001053EB /* Products */,
			);
			sourceTree = "<group>";
		};
		BC0F54EA29C16027001053EB /* Products */ = {
			isa = PBXGroup;
			children = (
				BC0F54E929C16027001053EB /* Momentum.app */,
			);
			name = Products;
			sourceTree = "<group>";
		};
		BC0F54EB29C16027001053EB /* Momentum */ = {
			isa = PBXGroup;
			children = (
				BC0F550F29C16360001053EB /* Fonts */,
				BC0F550429C1607F001053EB /* Assets */,
				BC0F550329C16076001053EB /* Helpers */,
				BC0F550229C1606B001053EB /* Models */,
				BC0F550129C16064001053EB /* Components */,
				BC0F550029C1604E001053EB /* Views */,
				BC0F54EC29C16027001053EB /* MomentumApp.swift */,
				BC0F54EE29C16027001053EB /* ContentView.swift */,
				BC0F54F029C16028001053EB /* Assets.xcassets */,
				BC0F54F529C16028001053EB /* Persistence.swift */,
				BC0F54FA29C16029001053EB /* Info.plist */,
				BC0F54F729C16028001053EB /* Momentum.xcdatamodeld */,
				BC0F54F229C16028001053EB /* Preview Content */,
			);
			path = Momentum;
			sourceTree = "<group>";
		};
		BC0F54F229C16028001053EB /* Preview Content */ = {
			isa = PBXGroup;
			children = (
				BC0F54F329C16028001053EB /* Preview Assets.xcassets */,
			);
			path = "Preview Content";
			sourceTree = "<group>";
		};
		BC0F550029C1604E001053EB /* Views */ = {
			isa = PBXGroup;
			children = (
				BC0F550529C1609A001053EB /* OnboardingView.swift */,
				BC0F550729C160A8001053EB /* DashboardView.swift */,
			);
			path = Views;
			sourceTree = "<group>";
		};
		BC0F550129C16064001053EB /* Components */ = {
			isa = PBXGroup;
			children = (
				BC0F553829C166AE001053EB /* RoutineEditView.swift */,
				BC0F553A29C166C7001053EB /* RoutineDetailView.swift */,
				BC0F554029C168F1001053EB /* RoutineCardView.swift */,
				BC0F553C29C16716001053EB /* SettingsView.swift */,
			);
			path = Components;
			sourceTree = "<group>";
		};
		BC0F550229C1606B001053EB /* Models */ = {
			isa = PBXGroup;
			children = (
				BC0F553E29C167CF001053EB /* Routine.swift */,
			);
			path = Models;
			sourceTree = "<group>";
		};
		BC0F550329C16076001053EB /* Helpers */ = {
			isa = PBXGroup;
			children = (
				BC0F553629C165A3001053EB /* MomentumStyle.swift */,
				BC0F554229C169A5001053EB /* DataManager.swift */,
				BC0F554429C16D27001053EB /* NotificationManager.swift */,
				BC0F554629C16D75001053EB /* Style.swift */,
			);
			path = Helpers;
			sourceTree = "<group>";
		};
		BC0F550429C1607F001053EB /* Assets */ = {
			isa = PBXGroup;
			children = (
			);
			path = Assets;
			sourceTree = "<group>";
		};
		BC0F550F29C16360001053EB /* Fonts */ = {
			isa = PBXGroup;
			children = (
				BC0F551529C163F4001053EB /* OFL.txt */,
				BC0F551329C163F4001053EB /* Poppins-Black.ttf */,
				BC0F551C29C163F4001053EB /* Poppins-BlackItalic.ttf */,
				BC0F552129C163F4001053EB /* Poppins-Bold.ttf */,
				BC0F551929C163F4001053EB /* Poppins-BoldItalic.ttf */,
				BC0F551F29C163F4001053EB /* Poppins-ExtraBold.ttf */,
				BC0F552229C163F4001053EB /* Poppins-ExtraBoldItalic.ttf */,
				BC0F551429C163F4001053EB /* Poppins-ExtraLight.ttf */,
				BC0F551729C163F4001053EB /* Poppins-ExtraLightItalic.ttf */,
				BC0F551629C163F4001053EB /* Poppins-Italic.ttf */,
				BC0F552029C163F4001053EB /* Poppins-Light.ttf */,
				BC0F551229C163F4001053EB /* Poppins-LightItalic.ttf */,
				BC0F551B29C163F4001053EB /* Poppins-Medium.ttf */,
				BC0F551D29C163F4001053EB /* Poppins-MediumItalic.ttf */,
				BC0F551829C163F4001053EB /* Poppins-Regular.ttf */,
				BC0F551129C163F4001053EB /* Poppins-SemiBold.ttf */,
				BC0F551A29C163F4001053EB /* Poppins-SemiBoldItalic.ttf */,
				BC0F551029C163F4001053EB /* Poppins-Thin.ttf */,
				BC0F551E29C163F4001053EB /* Poppins-ThinItalic.ttf */,
			);
			path = Fonts;
			sourceTree = "<group>";
		};
/* End PBXGroup section */

/* Begin PBXNativeTarget section */
		BC0F54E829C16027001053EB /* Momentum */ = {
			isa = PBXNativeTarget;
			buildConfigurationList = BC0F54FD29C16029001053EB /* Build configuration list for PBXNativeTarget "Momentum" */;
			buildPhases = (
				BC0F54E529C16027001053EB /* Sources */,
				BC0F54E629C16027001053EB /* Frameworks */,
				BC0F54E729C16027001053EB /* Resources */,
			);
			buildRules = (
			);
			dependencies = (
			);
			name = Momentum;
			productName = Momentum;
			productReference = BC0F54E929C16027001053EB /* Momentum.app */;
			productType = "com.apple.product-type.application";
		};
/* End PBXNativeTarget section */

/* Begin PBXProject section */
		BC0F54E129C16027001053EB /* Project object */ = {
			isa = PBXProject;
			attributes = {
				BuildIndependentTargetsInParallel = 1;
				LastSwiftUpdateCheck = 1420;
				LastUpgradeCheck = 1420;
				TargetAttributes = {
					BC0F54E829C16027001053EB = {
						CreatedOnToolsVersion = 14.2;
					};
				};
			};
			buildConfigurationList = BC0F54E429C16027001053EB /* Build configuration list for PBXProject "Momentum" */;
			compatibilityVersion = "Xcode 14.0";
			developmentRegion = en;
			hasScannedForEncodings = 0;
			knownRegions = (
				en,
				Base,
			);
			mainGroup = BC0F54E029C16027001053EB;
			productRefGroup = BC0F54EA29C16027001053EB /* Products */;
			projectDirPath = "";
			projectRoot = "";
			targets = (
				BC0F54E829C16027001053EB /* Momentum */,
			);
		};
/* End PBXProject section */

/* Begin PBXResourcesBuildPhase section */
		BC0F54E729C16027001053EB /* Resources */ = {
			isa = PBXResourcesBuildPhase;
			buildActionMask = 2147483647;
			files = (
				BC0F552629C163F4001053EB /* Poppins-Black.ttf in Resources */,
				BC0F553029C163F4001053EB /* Poppins-MediumItalic.ttf in Resources */,
				BC0F552E29C163F4001053EB /* Poppins-Medium.ttf in Resources */,
				BC0F553529C163F4001053EB /* Poppins-ExtraBoldItalic.ttf in Resources */,
				BC0F552329C163F4001053EB /* Poppins-Thin.ttf in Resources */,
				BC0F552A29C163F4001053EB /* Poppins-ExtraLightItalic.ttf in Resources */,
				BC0F553129C163F4001053EB /* Poppins-ThinItalic.ttf in Resources */,
				BC0F552D29C163F4001053EB /* Poppins-SemiBoldItalic.ttf in Resources */,
				BC0F553429C163F4001053EB /* Poppins-Bold.ttf in Resources */,
				BC0F552C29C163F4001053EB /* Poppins-BoldItalic.ttf in Resources */,
				BC0F552529C163F4001053EB /* Poppins-LightItalic.ttf in Resources */,
				BC0F552F29C163F4001053EB /* Poppins-BlackItalic.ttf in Resources */,
				BC0F553329C163F4001053EB /* Poppins-Light.ttf in Resources */,
				BC0F553229C163F4001053EB /* Poppins-ExtraBold.ttf in Resources */,
				BC0F552929C163F4001053EB /* Poppins-Italic.ttf in Resources */,
				BC0F552429C163F4001053EB /* Poppins-SemiBold.ttf in Resources */,
				BC0F54F429C16028001053EB /* Preview Assets.xcassets in Resources */,
				BC0F54F129C16028001053EB /* Assets.xcassets in Resources */,
				BC0F552B29C163F4001053EB /* Poppins-Regular.ttf in Resources */,
				BC0F552829C163F4001053EB /* OFL.txt in Resources */,
				BC0F552729C163F4001053EB /* Poppins-ExtraLight.ttf in Resources */,
			);
			runOnlyForDeploymentPostprocessing = 0;
		};
/* End PBXResourcesBuildPhase section */

/* Begin PBXSourcesBuildPhase section */
		BC0F54E529C16027001053EB /* Sources */ = {
			isa = PBXSourcesBuildPhase;
			buildActionMask = 2147483647;
			files = (
				BC0F54F629C16028001053EB /* Persistence.swift in Sources */,
				BC0F553729C165A3001053EB /* MomentumStyle.swift in Sources */,
				BC0F550829C160A8001053EB /* DashboardView.swift in Sources */,
				BC0F554329C169A5001053EB /* DataManager.swift in Sources */,
				BC0F54EF29C16027001053EB /* ContentView.swift in Sources */,
				BC0F54ED29C16027001053EB /* MomentumApp.swift in Sources */,
				BC0F554729C16D75001053EB /* Style.swift in Sources */,
				BC0F554129C168F1001053EB /* RoutineCardView.swift in Sources */,
				BC0F553B29C166C7001053EB /* RoutineDetailView.swift in Sources */,
				BC0F553F29C167CF001053EB /* Routine.swift in Sources */,
				BC0F553929C166AE001053EB /* RoutineEditView.swift in Sources */,
				BC0F550629C1609A001053EB /* OnboardingView.swift in Sources */,
				BC0F554529C16D27001053EB /* NotificationManager.swift in Sources */,
				BC0F54F929C16029001053EB /* Momentum.xcdatamodeld in Sources */,
				BC0F553D29C16716001053EB /* SettingsView.swift in Sources */,
			);
			runOnlyForDeploymentPostprocessing = 0;
		};
/* End PBXSourcesBuildPhase section */

/* Begin XCBuildConfiguration section */
		BC0F54FB29C16029001053EB /* Debug */ = {
			isa = XCBuildConfiguration;
			buildSettings = {
				ALWAYS_SEARCH_USER_PATHS = NO;
				CLANG_ANALYZER_NONNULL = YES;
				CLANG_ANALYZER_NUMBER_OBJECT_CONVERSION = YES_AGGRESSIVE;
				CLANG_CXX_LANGUAGE_STANDARD = "gnu++20";
				CLANG_ENABLE_MODULES = YES;
				CLANG_ENABLE_OBJC_ARC = YES;
				CLANG_ENABLE_OBJC_WEAK = YES;
				CLANG_WARN_BLOCK_CAPTURE_AUTORELEASING = YES;
				CLANG_WARN_BOOL_CONVERSION = YES;
				CLANG_WARN_COMMA = YES;
				CLANG_WARN_CONSTANT_CONVERSION = YES;
				CLANG_WARN_DEPRECATED_OBJC_IMPLEMENTATIONS = YES;
				CLANG_WARN_DIRECT_OBJC_ISA_USAGE = YES_ERROR;
				CLANG_WARN_DOCUMENTATION_COMMENTS = YES;
				CLANG_WARN_EMPTY_BODY = YES;
				CLANG_WARN_ENUM_CONVERSION = YES;
				CLANG_WARN_INFINITE_RECURSION = YES;
				CLANG_WARN_INT_CONVERSION = YES;
				CLANG_WARN_NON_LITERAL_NULL_CONVERSION = YES;
				CLANG_WARN_OBJC_IMPLICIT_RETAIN_SELF = YES;
				CLANG_WARN_OBJC_LITERAL_CONVERSION = YES;
				CLANG_WARN_OBJC_ROOT_CLASS = YES_ERROR;
				CLANG_WARN_QUOTED_INCLUDE_IN_FRAMEWORK_HEADER = YES;
				CLANG_WARN_RANGE_LOOP_ANALYSIS = YES;
				CLANG_WARN_STRICT_PROTOTYPES = YES;
				CLANG_WARN_SUSPICIOUS_MOVE = YES;
				CLANG_WARN_UNGUARDED_AVAILABILITY = YES_AGGRESSIVE;
				CLANG_WARN_UNREACHABLE_CODE = YES;
				CLANG_WARN__DUPLICATE_METHOD_MATCH = YES;
				COPY_PHASE_STRIP = NO;
				DEBUG_INFORMATION_FORMAT = dwarf;
				ENABLE_STRICT_OBJC_MSGSEND = YES;
				ENABLE_TESTABILITY = YES;
				GCC_C_LANGUAGE_STANDARD = gnu11;
				GCC_DYNAMIC_NO_PIC = NO;
				GCC_NO_COMMON_BLOCKS = YES;
				GCC_OPTIMIZATION_LEVEL = 0;
				GCC_PREPROCESSOR_DEFINITIONS = (
					"DEBUG=1",
					"$(inherited)",
				);
				GCC_WARN_64_TO_32_BIT_CONVERSION = YES;
				GCC_WARN_ABOUT_RETURN_TYPE = YES_ERROR;
				GCC_WARN_UNDECLARED_SELECTOR = YES;
				GCC_WARN_UNINITIALIZED_AUTOS = YES_AGGRESSIVE;
				GCC_WARN_UNUSED_FUNCTION = YES;
				GCC_WARN_UNUSED_VARIABLE = YES;
				IPHONEOS_DEPLOYMENT_TARGET = 16.2;
				MTL_ENABLE_DEBUG_INFO = INCLUDE_SOURCE;
				MTL_FAST_MATH = YES;
				ONLY_ACTIVE_ARCH = YES;
				SDKROOT = iphoneos;
				SWIFT_ACTIVE_COMPILATION_CONDITIONS = DEBUG;
				SWIFT_OPTIMIZATION_LEVEL = "-Onone";
			};
			name = Debug;
		};
		BC0F54FC29C16029001053EB /* Release */ = {
			isa = XCBuildConfiguration;
			buildSettings = {
				ALWAYS_SEARCH_USER_PATHS = NO;
				CLANG_ANALYZER_NONNULL = YES;
				CLANG_ANALYZER_NUMBER_OBJECT_CONVERSION = YES_AGGRESSIVE;
				CLANG_CXX_LANGUAGE_STANDARD = "gnu++20";
				CLANG_ENABLE_MODULES = YES;
				CLANG_ENABLE_OBJC_ARC = YES;
				CLANG_ENABLE_OBJC_WEAK = YES;
				CLANG_WARN_BLOCK_CAPTURE_AUTORELEASING = YES;
				CLANG_WARN_BOOL_CONVERSION = YES;
				CLANG_WARN_COMMA = YES;
				CLANG_WARN_CONSTANT_CONVERSION = YES;
				CLANG_WARN_DEPRECATED_OBJC_IMPLEMENTATIONS = YES;
				CLANG_WARN_DIRECT_OBJC_ISA_USAGE = YES_ERROR;
				CLANG_WARN_DOCUMENTATION_COMMENTS = YES;
				CLANG_WARN_EMPTY_BODY = YES;
				CLANG_WARN_ENUM_CONVERSION = YES;
				CLANG_WARN_INFINITE_RECURSION = YES;
				CLANG_WARN_INT_CONVERSION = YES;
				CLANG_WARN_NON_LITERAL_NULL_CONVERSION = YES;
				CLANG_WARN_OBJC_IMPLICIT_RETAIN_SELF = YES;
				CLANG_WARN_OBJC_LITERAL_CONVERSION = YES;
				CLANG_WARN_OBJC_ROOT_CLASS = YES_ERROR;
				CLANG_WARN_QUOTED_INCLUDE_IN_FRAMEWORK_HEADER = YES;
				CLANG_WARN_RANGE_LOOP_ANALYSIS = YES;
				CLANG_WARN_STRICT_PROTOTYPES = YES;
				CLANG_WARN_SUSPICIOUS_MOVE = YES;
				CLANG_WARN_UNGUARDED_AVAILABILITY = YES_AGGRESSIVE;
				CLANG_WARN_UNREACHABLE_CODE = YES;
				CLANG_WARN__DUPLICATE_METHOD_MATCH = YES;
				COPY_PHASE_STRIP = NO;
				DEBUG_INFORMATION_FORMAT = "dwarf-with-dsym";
				ENABLE_NS_ASSERTIONS = NO;
				ENABLE_STRICT_OBJC_MSGSEND = YES;
				GCC_C_LANGUAGE_STANDARD = gnu11;
				GCC_NO_COMMON_BLOCKS = YES;
				GCC_WARN_64_TO_32_BIT_CONVERSION = YES;
				GCC_WARN_ABOUT_RETURN_TYPE = YES_ERROR;
				GCC_WARN_UNDECLARED_SELECTOR = YES;
				GCC_WARN_UNINITIALIZED_AUTOS = YES_AGGRESSIVE;
				GCC_WARN_UNUSED_FUNCTION = YES;
				GCC_WARN_UNUSED_VARIABLE = YES;
				IPHONEOS_DEPLOYMENT_TARGET = 16.2;
				MTL_ENABLE_DEBUG_INFO = NO;
				MTL_FAST_MATH = YES;
				SDKROOT = iphoneos;
				SWIFT_COMPILATION_MODE = wholemodule;
				SWIFT_OPTIMIZATION_LEVEL = "-O";
				VALIDATE_PRODUCT = YES;
			};
			name = Release;
		};
		BC0F54FE29C16029001053EB /* Debug */ = {
			isa = XCBuildConfiguration;
			buildSettings = {
				ASSETCATALOG_COMPILER_APPICON_NAME = AppIcon;
				ASSETCATALOG_COMPILER_GLOBAL_ACCENT_COLOR_NAME = AccentColor;
				CODE_SIGN_STYLE = Automatic;
				CURRENT_PROJECT_VERSION = 1;
				DEVELOPMENT_ASSET_PATHS = "\"Momentum/Preview Content\"";
				DEVELOPMENT_TEAM = ZFY3VZ486V;
				ENABLE_PREVIEWS = YES;
				GENERATE_INFOPLIST_FILE = YES;
				INFOPLIST_KEY_UIApplicationSceneManifest_Generation = YES;
				INFOPLIST_KEY_UIApplicationSupportsIndirectInputEvents = YES;
				INFOPLIST_KEY_UILaunchScreen_Generation = YES;
				INFOPLIST_KEY_UISupportedInterfaceOrientations_iPad = "UIInterfaceOrientationPortrait UIInterfaceOrientationPortraitUpsideDown UIInterfaceOrientationLandscapeLeft UIInterfaceOrientationLandscapeRight";
				INFOPLIST_KEY_UISupportedInterfaceOrientations_iPhone = "UIInterfaceOrientationPortrait UIInterfaceOrientationLandscapeLeft UIInterfaceOrientationLandscapeRight";
				LD_RUNPATH_SEARCH_PATHS = (
					"$(inherited)",
					"@executable_path/Frameworks",
				);
				MARKETING_VERSION = 1.0;
				PRODUCT_BUNDLE_IDENTIFIER = Tribvio.Momentum;
				PRODUCT_NAME = "$(TARGET_NAME)";
				SWIFT_EMIT_LOC_STRINGS = YES;
				SWIFT_VERSION = 5.0;
				TARGETED_DEVICE_FAMILY = "1,2";
			};
			name = Debug;
		};
		BC0F54FF29C16029001053EB /* Release */ = {
			isa = XCBuildConfiguration;
			buildSettings = {
				ASSETCATALOG_COMPILER_APPICON_NAME = AppIcon;
				ASSETCATALOG_COMPILER_GLOBAL_ACCENT_COLOR_NAME = AccentColor;
				CODE_SIGN_STYLE = Automatic;
				CURRENT_PROJECT_VERSION = 1;
				DEVELOPMENT_ASSET_PATHS = "\"Momentum/Preview Content\"";
				DEVELOPMENT_TEAM = ZFY3VZ486V;
				ENABLE_PREVIEWS = YES;
				GENERATE_INFOPLIST_FILE = YES;
				INFOPLIST_KEY_UIApplicationSceneManifest_Generation = YES;
				INFOPLIST_KEY_UIApplicationSupportsIndirectInputEvents = YES;
				INFOPLIST_KEY_UILaunchScreen_Generation = YES;
				INFOPLIST_KEY_UISupportedInterfaceOrientations_iPad = "UIInterfaceOrientationPortrait UIInterfaceOrientationPortraitUpsideDown UIInterfaceOrientationLandscapeLeft UIInterfaceOrientationLandscapeRight";
				INFOPLIST_KEY_UISupportedInterfaceOrientations_iPhone = "UIInterfaceOrientationPortrait UIInterfaceOrientationLandscapeLeft UIInterfaceOrientationLandscapeRight";
				LD_RUNPATH_SEARCH_PATHS = (
					"$(inherited)",
					"@executable_path/Frameworks",
				);
				MARKETING_VERSION = 1.0;
				PRODUCT_BUNDLE_IDENTIFIER = Tribvio.Momentum;
				PRODUCT_NAME = "$(TARGET_NAME)";
				SWIFT_EMIT_LOC_STRINGS = YES;
				SWIFT_VERSION = 5.0;
				TARGETED_DEVICE_FAMILY = "1,2";
			};
			name = Release;
		};
/* End XCBuildConfiguration section */

/* Begin XCConfigurationList section */
		BC0F54E429C16027001053EB /* Build configuration list for PBXProject "Momentum" */ = {
			isa = XCConfigurationList;
			buildConfigurations = (
				BC0F54FB29C16029001053EB /* Debug */,
				BC0F54FC29C16029001053EB /* Release */,
			);
			defaultConfigurationIsVisible = 0;
			defaultConfigurationName = Release;
		};
		BC0F54FD29C16029001053EB /* Build configuration list for PBXNativeTarget "Momentum" */ = {
			isa = XCConfigurationList;
			buildConfigurations = (
				BC0F54FE29C16029001053EB /* Debug */,
				BC0F54FF29C16029001053EB /* Release */,
			);
			defaultConfigurationIsVisible = 0;
			defaultConfigurationName = Release;
		};
/* End XCConfigurationList section */

/* Begin XCVersionGroup section */
		BC0F54F729C16028001053EB /* Momentum.xcdatamodeld */ = {
			isa = XCVersionGroup;
			children = (
				BC0F54F829C16029001053EB /* Momentum.xcdatamodel */,
			);
			currentVersion = BC0F54F829C16029001053EB /* Momentum.xcdatamodel */;
			path = Momentum.xcdatamodeld;
			sourceTree = "<group>";
			versionGroupType = wrapper.xcdatamodel;
		};
/* End XCVersionGroup section */
	};
	rootObject = BC0F54E129C16027001053EB /* Project object */;
}
